
Microsoft Visual Studio Solution File, Format Version 12.00
# Visual Studio Version 16
VisualStudioVersion = 16.0.31729.503
MinimumVisualStudioVersion = 10.0.40219.1
Project("{FAE04EC0-301F-11D3-BF4B-00C04F79EFBC}") = "Lib", "Lib\Lib.csproj", "{D1A3FFDB-03B1-43E1-BFA5-5324B813EBC4}"
EndProject
Project("{FAE04EC0-301F-11D3-BF4B-00C04F79EFBC}") = "WebApp", "WebApp\WebApp.csproj", "{4792598C-4E3E-403E-ABE7-B67919AE9B42}"
EndProject
Project("{FAE04EC0-301F-11D3-BF4B-00C04F79EFBC}") = "MsTest", "MsTest\MsTest.csproj", "{C35C14A2-372A-4C0C-8A4C-2C48CC3DC741}"
EndProject
Global
	GlobalSection(SolutionConfigurationPlatforms) = preSolution
		Debug|Any CPU = Debug|Any CPU
		Release|Any CPU = Release|Any CPU
	EndGlobalSection
	GlobalSection(ProjectConfigurationPlatforms) = postSolution
		{D1A3FFDB-03B1-43E1-BFA5-5324B813EBC4}.Debug|Any CPU.ActiveCfg = Debug|Any CPU
		{D1A3FFDB-03B1-43E1-BFA5-5324B813EBC4}.Debug|Any CPU.Build.0 = Debug|Any CPU
		{D1A3FFDB-03B1-43E1-BFA5-5324B813EBC4}.Release|Any CPU.ActiveCfg = Release|Any CPU
		{D1A3FFDB-03B1-43E1-BFA5-5324B813EBC4}.Release|Any CPU.Build.0 = Release|Any CPU
		{4792598C-4E3E-403E-ABE7-B67919AE9B42}.Debug|Any CPU.ActiveCfg = Debug|Any CPU
		{4792598C-4E3E-403E-ABE7-B67919AE9B42}.Debug|Any CPU.Build.0 = Debug|Any CPU
		{4792598C-4E3E-403E-ABE7-B67919AE9B42}.Release|Any CPU.ActiveCfg = Release|Any CPU
		{4792598C-4E3E-403E-ABE7-B67919AE9B42}.Release|Any CPU.Build.0 = Release|Any CPU
		{C35C14A2-372A-4C0C-8A4C-2C48CC3DC741}.Debug|Any CPU.ActiveCfg = Debug|Any CPU
		{C35C14A2-372A-4C0C-8A4C-2C48CC3DC741}.Debug|Any CPU.Build.0 = Debug|Any CPU
		{C35C14A2-372A-4C0C-8A4C-2C48CC3DC741}.Release|Any CPU.ActiveCfg = Release|Any CPU
		{C35C14A2-372A-4C0C-8A4C-2C48CC3DC741}.Release|Any CPU.Build.0 = Release|Any CPU
	EndGlobalSection
	GlobalSection(SolutionProperties) = preSolution
		HideSolutionNode = FALSE
	EndGlobalSection
	GlobalSection(ExtensibilityGlobals) = postSolution
		SolutionGuid = {74956ED3-0A45-4B53-B83E-F3F734DF3713}
	EndGlobalSection
EndGlobal
